
Microsoft Visual Studio Solution File, Format Version 12.00
# Visual Studio 15
VisualStudioVersion = 15.0.26403.7
MinimumVisualStudioVersion = 15.0.26124.0
Project("{2150E333-8FDC-42A3-9474-1A3956D46DE8}") = "src", "src", "{1F3D9506-328F-4455-8FF9-C57F21F05F3F}"
EndProject
Project("{9A19103F-16F7-4668-BE54-9A1E7A4F7556}") = "CodePersuit.Service.Core", "src\CodePersuit.Service.Core\CodePersuit.Service.Core.csproj", "{86811027-3F9A-4C73-9E1E-7DE685D1B819}"
EndProject
Project("{9A19103F-16F7-4668-BE54-9A1E7A4F7556}") = "CodePersuit.Service.Host", "src\CodePersuit.Service.Host\CodePersuit.Service.Host.csproj", "{135F2E5C-73C0-4D4B-BF87-68CC0AB56027}"
EndProject
Project("{9A19103F-16F7-4668-BE54-9A1E7A4F7556}") = "CodePersuit.Service.WindowsService", "src\CodePersuit.Service.WindowsService\CodePersuit.Service.WindowsService.csproj", "{0D7A2C26-C0B8-44A7-88A3-8FEAC5814371}"
EndProject
Project("{2150E333-8FDC-42A3-9474-1A3956D46DE8}") = "Solution Items", "Solution Items", "{1E8B60E1-D7EF-40CA-96B4-BE05A5DDC4A2}"
	ProjectSection(SolutionItems) = preProject
		.editorconfig = .editorconfig
	EndProjectSection
EndProject
Project("{9A19103F-16F7-4668-BE54-9A1E7A4F7556}") = "CodePersuit.Service.Sdk", "src\CodePersuit.Service.Sdk\CodePersuit.Service.Sdk.csproj", "{92474BA9-545B-4AC9-9E79-3E2BA429D5B7}"
EndProject
Project("{2150E333-8FDC-42A3-9474-1A3956D46DE8}") = "test", "test", "{B7C4F717-2B2E-4784-952B-2855C965E946}"
EndProject
Project("{FAE04EC0-301F-11D3-BF4B-00C04F79EFBC}") = "CodePersuit.Service.Integration.Facts", "test\CodePersuit.Service.Integration.Facts\CodePersuit.Service.Integration.Facts.csproj", "{27E73375-3056-481A-811C-C4F431467E38}"
EndProject
Global
	GlobalSection(SolutionConfigurationPlatforms) = preSolution
		Debug|Any CPU = Debug|Any CPU
		Debug|x64 = Debug|x64
		Debug|x86 = Debug|x86
		Release|Any CPU = Release|Any CPU
		Release|x64 = Release|x64
		Release|x86 = Release|x86
	EndGlobalSection
	GlobalSection(ProjectConfigurationPlatforms) = postSolution
		{86811027-3F9A-4C73-9E1E-7DE685D1B819}.Debug|Any CPU.ActiveCfg = Debug|Any CPU
		{86811027-3F9A-4C73-9E1E-7DE685D1B819}.Debug|Any CPU.Build.0 = Debug|Any CPU
		{86811027-3F9A-4C73-9E1E-7DE685D1B819}.Debug|x64.ActiveCfg = Debug|Any CPU
		{86811027-3F9A-4C73-9E1E-7DE685D1B819}.Debug|x64.Build.0 = Debug|Any CPU
		{86811027-3F9A-4C73-9E1E-7DE685D1B819}.Debug|x86.ActiveCfg = Debug|Any CPU
		{86811027-3F9A-4C73-9E1E-7DE685D1B819}.Debug|x86.Build.0 = Debug|Any CPU
		{86811027-3F9A-4C73-9E1E-7DE685D1B819}.Release|Any CPU.ActiveCfg = Release|Any CPU
		{86811027-3F9A-4C73-9E1E-7DE685D1B819}.Release|Any CPU.Build.0 = Release|Any CPU
		{86811027-3F9A-4C73-9E1E-7DE685D1B819}.Release|x64.ActiveCfg = Release|Any CPU
		{86811027-3F9A-4C73-9E1E-7DE685D1B819}.Release|x64.Build.0 = Release|Any CPU
		{86811027-3F9A-4C73-9E1E-7DE685D1B819}.Release|x86.ActiveCfg = Release|Any CPU
		{86811027-3F9A-4C73-9E1E-7DE685D1B819}.Release|x86.Build.0 = Release|Any CPU
		{135F2E5C-73C0-4D4B-BF87-68CC0AB56027}.Debug|Any CPU.ActiveCfg = Debug|Any CPU
		{135F2E5C-73C0-4D4B-BF87-68CC0AB56027}.Debug|Any CPU.Build.0 = Debug|Any CPU
		{135F2E5C-73C0-4D4B-BF87-68CC0AB56027}.Debug|x64.ActiveCfg = Debug|Any CPU
		{135F2E5C-73C0-4D4B-BF87-68CC0AB56027}.Debug|x64.Build.0 = Debug|Any CPU
		{135F2E5C-73C0-4D4B-BF87-68CC0AB56027}.Debug|x86.ActiveCfg = Debug|Any CPU
		{135F2E5C-73C0-4D4B-BF87-68CC0AB56027}.Debug|x86.Build.0 = Debug|Any CPU
		{135F2E5C-73C0-4D4B-BF87-68CC0AB56027}.Release|Any CPU.ActiveCfg = Release|Any CPU
		{135F2E5C-73C0-4D4B-BF87-68CC0AB56027}.Release|Any CPU.Build.0 = Release|Any CPU
		{135F2E5C-73C0-4D4B-BF87-68CC0AB56027}.Release|x64.ActiveCfg = Release|Any CPU
		{135F2E5C-73C0-4D4B-BF87-68CC0AB56027}.Release|x64.Build.0 = Release|Any CPU
		{135F2E5C-73C0-4D4B-BF87-68CC0AB56027}.Release|x86.ActiveCfg = Release|Any CPU
		{135F2E5C-73C0-4D4B-BF87-68CC0AB56027}.Release|x86.Build.0 = Release|Any CPU
		{0D7A2C26-C0B8-44A7-88A3-8FEAC5814371}.Debug|Any CPU.ActiveCfg = Debug|Any CPU
		{0D7A2C26-C0B8-44A7-88A3-8FEAC5814371}.Debug|Any CPU.Build.0 = Debug|Any CPU
		{0D7A2C26-C0B8-44A7-88A3-8FEAC5814371}.Debug|x64.ActiveCfg = Debug|Any CPU
		{0D7A2C26-C0B8-44A7-88A3-8FEAC5814371}.Debug|x64.Build.0 = Debug|Any CPU
		{0D7A2C26-C0B8-44A7-88A3-8FEAC5814371}.Debug|x86.ActiveCfg = Debug|Any CPU
		{0D7A2C26-C0B8-44A7-88A3-8FEAC5814371}.Debug|x86.Build.0 = Debug|Any CPU
		{0D7A2C26-C0B8-44A7-88A3-8FEAC5814371}.Release|Any CPU.ActiveCfg = Release|Any CPU
		{0D7A2C26-C0B8-44A7-88A3-8FEAC5814371}.Release|Any CPU.Build.0 = Release|Any CPU
		{0D7A2C26-C0B8-44A7-88A3-8FEAC5814371}.Release|x64.ActiveCfg = Release|Any CPU
		{0D7A2C26-C0B8-44A7-88A3-8FEAC5814371}.Release|x64.Build.0 = Release|Any CPU
		{0D7A2C26-C0B8-44A7-88A3-8FEAC5814371}.Release|x86.ActiveCfg = Release|Any CPU
		{0D7A2C26-C0B8-44A7-88A3-8FEAC5814371}.Release|x86.Build.0 = Release|Any CPU
		{92474BA9-545B-4AC9-9E79-3E2BA429D5B7}.Debug|Any CPU.ActiveCfg = Debug|Any CPU
		{92474BA9-545B-4AC9-9E79-3E2BA429D5B7}.Debug|Any CPU.Build.0 = Debug|Any CPU
		{92474BA9-545B-4AC9-9E79-3E2BA429D5B7}.Debug|x64.ActiveCfg = Debug|Any CPU
		{92474BA9-545B-4AC9-9E79-3E2BA429D5B7}.Debug|x64.Build.0 = Debug|Any CPU
		{92474BA9-545B-4AC9-9E79-3E2BA429D5B7}.Debug|x86.ActiveCfg = Debug|Any CPU
		{92474BA9-545B-4AC9-9E79-3E2BA429D5B7}.Debug|x86.Build.0 = Debug|Any CPU
		{92474BA9-545B-4AC9-9E79-3E2BA429D5B7}.Release|Any CPU.ActiveCfg = Release|Any CPU
		{92474BA9-545B-4AC9-9E79-3E2BA429D5B7}.Release|Any CPU.Build.0 = Release|Any CPU
		{92474BA9-545B-4AC9-9E79-3E2BA429D5B7}.Release|x64.ActiveCfg = Release|Any CPU
		{92474BA9-545B-4AC9-9E79-3E2BA429D5B7}.Release|x64.Build.0 = Release|Any CPU
		{92474BA9-545B-4AC9-9E79-3E2BA429D5B7}.Release|x86.ActiveCfg = Release|Any CPU
		{92474BA9-545B-4AC9-9E79-3E2BA429D5B7}.Release|x86.Build.0 = Release|Any CPU
		{27E73375-3056-481A-811C-C4F431467E38}.Debug|Any CPU.ActiveCfg = Debug|Any CPU
		{27E73375-3056-481A-811C-C4F431467E38}.Debug|Any CPU.Build.0 = Debug|Any CPU
		{27E73375-3056-481A-811C-C4F431467E38}.Debug|x64.ActiveCfg = Debug|Any CPU
		{27E73375-3056-481A-811C-C4F431467E38}.Debug|x64.Build.0 = Debug|Any CPU
		{27E73375-3056-481A-811C-C4F431467E38}.Debug|x86.ActiveCfg = Debug|Any CPU
		{27E73375-3056-481A-811C-C4F431467E38}.Debug|x86.Build.0 = Debug|Any CPU
		{27E73375-3056-481A-811C-C4F431467E38}.Release|Any CPU.ActiveCfg = Release|Any CPU
		{27E73375-3056-481A-811C-C4F431467E38}.Release|Any CPU.Build.0 = Release|Any CPU
		{27E73375-3056-481A-811C-C4F431467E38}.Release|x64.ActiveCfg = Release|Any CPU
		{27E73375-3056-481A-811C-C4F431467E38}.Release|x64.Build.0 = Release|Any CPU
		{27E73375-3056-481A-811C-C4F431467E38}.Release|x86.ActiveCfg = Release|Any CPU
		{27E73375-3056-481A-811C-C4F431467E38}.Release|x86.Build.0 = Release|Any CPU
	EndGlobalSection
	GlobalSection(SolutionProperties) = preSolution
		HideSolutionNode = FALSE
	EndGlobalSection
	GlobalSection(NestedProjects) = preSolution
		{86811027-3F9A-4C73-9E1E-7DE685D1B819} = {1F3D9506-328F-4455-8FF9-C57F21F05F3F}
		{135F2E5C-73C0-4D4B-BF87-68CC0AB56027} = {1F3D9506-328F-4455-8FF9-C57F21F05F3F}
		{0D7A2C26-C0B8-44A7-88A3-8FEAC5814371} = {1F3D9506-328F-4455-8FF9-C57F21F05F3F}
		{92474BA9-545B-4AC9-9E79-3E2BA429D5B7} = {1F3D9506-328F-4455-8FF9-C57F21F05F3F}
		{27E73375-3056-481A-811C-C4F431467E38} = {B7C4F717-2B2E-4784-952B-2855C965E946}
	EndGlobalSection
EndGlobal
